{
  "name": "word2num-grupo-3",
  "version": "1.0.0",
  "lockfileVersion": 2,
  "requires": true,
  "packages": {
    "": {
      "name": "word2num-grupo-3",
      "version": "1.0.0",
      "license": "ISC",
      "dependencies": {
        "extenso": "^2.0.1",
        "readline": "^1.3.0"
      }
    },
    "node_modules/extenso": {
      "version": "2.0.1",
      "resolved": "https://registry.npmjs.org/extenso/-/extenso-2.0.1.tgz",
      "integrity": "sha512-EXaNgWmE9UHqXCa65Fgj4bNArSxBsJh80QWJPscViClk3ch/WlNfB3otKwIid2gfXdEqJ1Hfyl5/+aKSH/Y1Pw=="
    },
    "node_modules/readline": {
      "version": "1.3.0",
      "resolved": "https://registry.npmjs.org/readline/-/readline-1.3.0.tgz",
      "integrity": "sha512-k2d6ACCkiNYz222Fs/iNze30rRJ1iIicW7JuX/7/cozvih6YCkFZH+J6mAFDVgv0dRBaAyr4jDqC95R2y4IADg=="
    }
  },
  "dependencies": {
    "extenso": {
      "version": "2.0.1",
      "resolved": "https://registry.npmjs.org/extenso/-/extenso-2.0.1.tgz",
      "integrity": "sha512-EXaNgWmE9UHqXCa65Fgj4bNArSxBsJh80QWJPscViClk3ch/WlNfB3otKwIid2gfXdEqJ1Hfyl5/+aKSH/Y1Pw=="
    },
    "readline": {
      "version": "1.3.0",
      "resolved": "https://registry.npmjs.org/readline/-/readline-1.3.0.tgz",
      "integrity": "sha512-k2d6ACCkiNYz222Fs/iNze30rRJ1iIicW7JuX/7/cozvih6YCkFZH+J6mAFDVgv0dRBaAyr4jDqC95R2y4IADg=="
    }
  }
}
